
Microsoft Visual Studio Solution File, Format Version 12.00
# Visual Studio Version 17
VisualStudioVersion = 17.14.36301.6 d17.14
MinimumVisualStudioVersion = 10.0.40219.1
Project("{FAE04EC0-301F-11D3-BF4B-00C04F79EFBC}") = "CRUDCORE-P3", "CRUDCORE-P3\CRUDCORE-P3.csproj", "{7DB00632-F9A0-484A-A5A9-93BC81215A3E}"
EndProject
Global
	GlobalSection(SolutionConfigurationPlatforms) = preSolution
		Debug|Any CPU = Debug|Any CPU
		Release|Any CPU = Release|Any CPU
	EndGlobalSection
	GlobalSection(ProjectConfigurationPlatforms) = postSolution
		{7DB00632-F9A0-484A-A5A9-93BC81215A3E}.Debug|Any CPU.ActiveCfg = Debug|Any CPU
		{7DB00632-F9A0-484A-A5A9-93BC81215A3E}.Debug|Any CPU.Build.0 = Debug|Any CPU
		{7DB00632-F9A0-484A-A5A9-93BC81215A3E}.Release|Any CPU.ActiveCfg = Release|Any CPU
		{7DB00632-F9A0-484A-A5A9-93BC81215A3E}.Release|Any CPU.Build.0 = Release|Any CPU
	EndGlobalSection
	GlobalSection(SolutionProperties) = preSolution
		HideSolutionNode = FALSE
	EndGlobalSection
	GlobalSection(ExtensibilityGlobals) = postSolution
		SolutionGuid = {6BF375D1-83F2-420D-A89A-E32DDED1157D}
	EndGlobalSection
EndGlobal
