Microsoft Visual Studio Solution File, Format Version 12.00
# Visual Studio Version 17
VisualStudioVersion = 17.5.2.0
MinimumVisualStudioVersion = 10.0.40219.1
Project("{FAE04EC0-301F-11D3-BF4B-00C04F79EFBC}") = "CRUDCORE-P3", "CRUDCORE-P3.csproj", "{3C8A03E2-A972-8483-9BA0-D6BD96AB5ECF}"
EndProject
Global
	GlobalSection(SolutionConfigurationPlatforms) = preSolution
		Debug|Any CPU = Debug|Any CPU
		Release|Any CPU = Release|Any CPU
	EndGlobalSection
	GlobalSection(ProjectConfigurationPlatforms) = postSolution
		{3C8A03E2-A972-8483-9BA0-D6BD96AB5ECF}.Debug|Any CPU.ActiveCfg = Debug|Any CPU
		{3C8A03E2-A972-8483-9BA0-D6BD96AB5ECF}.Debug|Any CPU.Build.0 = Debug|Any CPU
		{3C8A03E2-A972-8483-9BA0-D6BD96AB5ECF}.Release|Any CPU.ActiveCfg = Release|Any CPU
		{3C8A03E2-A972-8483-9BA0-D6BD96AB5ECF}.Release|Any CPU.Build.0 = Release|Any CPU
	EndGlobalSection
	GlobalSection(SolutionProperties) = preSolution
		HideSolutionNode = FALSE
	EndGlobalSection
	GlobalSection(ExtensibilityGlobals) = postSolution
		SolutionGuid = {AC446960-847D-4207-B2C9-A0BB0D390F58}
	EndGlobalSection
EndGlobal
